
Microsoft Visual Studio Solution File, Format Version 12.00
# Visual Studio Version 17
VisualStudioVersion = 17.5.33502.453
MinimumVisualStudioVersion = 10.0.40219.1
Project("{FAE04EC0-301F-11D3-BF4B-00C04F79EFBC}") = "CheckmateDX", "CheckmateDX\CheckmateDX.csproj", "{93FA1033-0DA4-428B-B762-067693096BA6}"
EndProject
Project("{FAE04EC0-301F-11D3-BF4B-00C04F79EFBC}") = "DrawingBoard", "DrawingBoard\DrawingBoard.csproj", "{AEFA45D6-1D58-4BC9-A413-4887D5B0325F}"
EndProject
Project("{FAE04EC0-301F-11D3-BF4B-00C04F79EFBC}") = "AutoUpdate", "AutoUpdate\AutoUpdate.csproj", "{C16E3868-609C-4236-819B-EF2DAE9AFAB0}"
EndProject
Project("{FAE04EC0-301F-11D3-BF4B-00C04F79EFBC}") = "ProjectCommon", "ProjectCommon\ProjectCommon.csproj", "{BEA7D402-4848-44A4-9B3A-876633D27F12}"
EndProject
Project("{FAE04EC0-301F-11D3-BF4B-00C04F79EFBC}") = "ProjectDatabase", "ProjectDatabase\ProjectDatabase.csproj", "{29955A8D-507B-4CE7-A6F2-C9BA3B6A3FC3}"
EndProject
Project("{FAE04EC0-301F-11D3-BF4B-00C04F79EFBC}") = "ProjectLibrary", "ProjectLibrary\ProjectLibrary.csproj", "{C58E7952-E71D-417C-8E19-FBF576EE41F5}"
EndProject
Project("{FAE04EC0-301F-11D3-BF4B-00C04F79EFBC}") = "SplitPDFByQRCode", "RenamePDFToQRCode\SplitPDFByQRCode.csproj", "{977ACE75-41B9-4F32-A8EC-37899923BA4A}"
EndProject
Project("{FAE04EC0-301F-11D3-BF4B-00C04F79EFBC}") = "RichEditShapeInsertTest", "RichEditShapeInsertTest\RichEditShapeInsertTest.csproj", "{D945EBF0-D383-4C1B-9794-0D73AB9F13B0}"
EndProject
Project("{FAE04EC0-301F-11D3-BF4B-00C04F79EFBC}") = "AutoSync", "AutoSync\AutoSync.csproj", "{7036D543-4FDF-4791-AD37-7F241CE6D4A2}"
EndProject
Project("{FAE04EC0-301F-11D3-BF4B-00C04F79EFBC}") = "PDFToDocConverter", "PDFToDocConversion\PDFToDocConverter.csproj", "{E0B49D65-6F11-4B6A-B94F-40AAA7C75D59}"
EndProject
Project("{54435603-DBB4-11D2-8724-00A0C9A8B90C}") = "CheckmateMSIPackage", "CheckmateMSIPackage\CheckmateMSIPackage.vdproj", "{02B608CC-E830-4D30-BB2E-7F54CFE53A2D}"
EndProject
Global
	GlobalSection(SolutionConfigurationPlatforms) = preSolution
		Debug|Any CPU = Debug|Any CPU
		Debug|x64 = Debug|x64
		Debug|x86 = Debug|x86
		Release|Any CPU = Release|Any CPU
		Release|x64 = Release|x64
		Release|x86 = Release|x86
	EndGlobalSection
	GlobalSection(ProjectConfigurationPlatforms) = postSolution
		{93FA1033-0DA4-428B-B762-067693096BA6}.Debug|Any CPU.ActiveCfg = Debug|Any CPU
		{93FA1033-0DA4-428B-B762-067693096BA6}.Debug|Any CPU.Build.0 = Debug|Any CPU
		{93FA1033-0DA4-428B-B762-067693096BA6}.Debug|x64.ActiveCfg = Debug|Any CPU
		{93FA1033-0DA4-428B-B762-067693096BA6}.Debug|x64.Build.0 = Debug|Any CPU
		{93FA1033-0DA4-428B-B762-067693096BA6}.Debug|x86.ActiveCfg = Debug|Any CPU
		{93FA1033-0DA4-428B-B762-067693096BA6}.Release|Any CPU.ActiveCfg = Release|Any CPU
		{93FA1033-0DA4-428B-B762-067693096BA6}.Release|Any CPU.Build.0 = Release|Any CPU
		{93FA1033-0DA4-428B-B762-067693096BA6}.Release|x64.ActiveCfg = Release|Any CPU
		{93FA1033-0DA4-428B-B762-067693096BA6}.Release|x64.Build.0 = Release|Any CPU
		{93FA1033-0DA4-428B-B762-067693096BA6}.Release|x86.ActiveCfg = Release|Any CPU
		{AEFA45D6-1D58-4BC9-A413-4887D5B0325F}.Debug|Any CPU.ActiveCfg = Debug|Any CPU
		{AEFA45D6-1D58-4BC9-A413-4887D5B0325F}.Debug|Any CPU.Build.0 = Debug|Any CPU
		{AEFA45D6-1D58-4BC9-A413-4887D5B0325F}.Debug|x64.ActiveCfg = Debug|Any CPU
		{AEFA45D6-1D58-4BC9-A413-4887D5B0325F}.Debug|x64.Build.0 = Debug|Any CPU
		{AEFA45D6-1D58-4BC9-A413-4887D5B0325F}.Debug|x86.ActiveCfg = Debug|x86
		{AEFA45D6-1D58-4BC9-A413-4887D5B0325F}.Debug|x86.Build.0 = Debug|x86
		{AEFA45D6-1D58-4BC9-A413-4887D5B0325F}.Release|Any CPU.ActiveCfg = Release|Any CPU
		{AEFA45D6-1D58-4BC9-A413-4887D5B0325F}.Release|Any CPU.Build.0 = Release|Any CPU
		{AEFA45D6-1D58-4BC9-A413-4887D5B0325F}.Release|x64.ActiveCfg = Release|Any CPU
		{AEFA45D6-1D58-4BC9-A413-4887D5B0325F}.Release|x64.Build.0 = Release|Any CPU
		{AEFA45D6-1D58-4BC9-A413-4887D5B0325F}.Release|x86.ActiveCfg = Release|x86
		{AEFA45D6-1D58-4BC9-A413-4887D5B0325F}.Release|x86.Build.0 = Release|x86
		{C16E3868-609C-4236-819B-EF2DAE9AFAB0}.Debug|Any CPU.ActiveCfg = Debug|Any CPU
		{C16E3868-609C-4236-819B-EF2DAE9AFAB0}.Debug|Any CPU.Build.0 = Debug|Any CPU
		{C16E3868-609C-4236-819B-EF2DAE9AFAB0}.Debug|x64.ActiveCfg = Debug|Any CPU
		{C16E3868-609C-4236-819B-EF2DAE9AFAB0}.Debug|x64.Build.0 = Debug|Any CPU
		{C16E3868-609C-4236-819B-EF2DAE9AFAB0}.Debug|x86.ActiveCfg = Debug|Any CPU
		{C16E3868-609C-4236-819B-EF2DAE9AFAB0}.Release|Any CPU.ActiveCfg = Release|Any CPU
		{C16E3868-609C-4236-819B-EF2DAE9AFAB0}.Release|Any CPU.Build.0 = Release|Any CPU
		{C16E3868-609C-4236-819B-EF2DAE9AFAB0}.Release|x64.ActiveCfg = Release|Any CPU
		{C16E3868-609C-4236-819B-EF2DAE9AFAB0}.Release|x64.Build.0 = Release|Any CPU
		{C16E3868-609C-4236-819B-EF2DAE9AFAB0}.Release|x86.ActiveCfg = Release|Any CPU
		{BEA7D402-4848-44A4-9B3A-876633D27F12}.Debug|Any CPU.ActiveCfg = Debug|Any CPU
		{BEA7D402-4848-44A4-9B3A-876633D27F12}.Debug|Any CPU.Build.0 = Debug|Any CPU
		{BEA7D402-4848-44A4-9B3A-876633D27F12}.Debug|x64.ActiveCfg = Debug|Any CPU
		{BEA7D402-4848-44A4-9B3A-876633D27F12}.Debug|x64.Build.0 = Debug|Any CPU
		{BEA7D402-4848-44A4-9B3A-876633D27F12}.Debug|x86.ActiveCfg = Debug|Any CPU
		{BEA7D402-4848-44A4-9B3A-876633D27F12}.Debug|x86.Build.0 = Debug|Any CPU
		{BEA7D402-4848-44A4-9B3A-876633D27F12}.Release|Any CPU.ActiveCfg = Release|Any CPU
		{BEA7D402-4848-44A4-9B3A-876633D27F12}.Release|Any CPU.Build.0 = Release|Any CPU
		{BEA7D402-4848-44A4-9B3A-876633D27F12}.Release|x64.ActiveCfg = Release|Any CPU
		{BEA7D402-4848-44A4-9B3A-876633D27F12}.Release|x64.Build.0 = Release|Any CPU
		{BEA7D402-4848-44A4-9B3A-876633D27F12}.Release|x86.ActiveCfg = Release|Any CPU
		{BEA7D402-4848-44A4-9B3A-876633D27F12}.Release|x86.Build.0 = Release|Any CPU
		{29955A8D-507B-4CE7-A6F2-C9BA3B6A3FC3}.Debug|Any CPU.ActiveCfg = Debug|Any CPU
		{29955A8D-507B-4CE7-A6F2-C9BA3B6A3FC3}.Debug|Any CPU.Build.0 = Debug|Any CPU
		{29955A8D-507B-4CE7-A6F2-C9BA3B6A3FC3}.Debug|x64.ActiveCfg = Debug|Any CPU
		{29955A8D-507B-4CE7-A6F2-C9BA3B6A3FC3}.Debug|x64.Build.0 = Debug|Any CPU
		{29955A8D-507B-4CE7-A6F2-C9BA3B6A3FC3}.Debug|x86.ActiveCfg = Debug|Any CPU
		{29955A8D-507B-4CE7-A6F2-C9BA3B6A3FC3}.Debug|x86.Build.0 = Debug|Any CPU
		{29955A8D-507B-4CE7-A6F2-C9BA3B6A3FC3}.Release|Any CPU.ActiveCfg = Release|Any CPU
		{29955A8D-507B-4CE7-A6F2-C9BA3B6A3FC3}.Release|Any CPU.Build.0 = Release|Any CPU
		{29955A8D-507B-4CE7-A6F2-C9BA3B6A3FC3}.Release|x64.ActiveCfg = Release|Any CPU
		{29955A8D-507B-4CE7-A6F2-C9BA3B6A3FC3}.Release|x64.Build.0 = Release|Any CPU
		{29955A8D-507B-4CE7-A6F2-C9BA3B6A3FC3}.Release|x86.ActiveCfg = Release|Any CPU
		{29955A8D-507B-4CE7-A6F2-C9BA3B6A3FC3}.Release|x86.Build.0 = Release|Any CPU
		{C58E7952-E71D-417C-8E19-FBF576EE41F5}.Debug|Any CPU.ActiveCfg = Debug|Any CPU
		{C58E7952-E71D-417C-8E19-FBF576EE41F5}.Debug|Any CPU.Build.0 = Debug|Any CPU
		{C58E7952-E71D-417C-8E19-FBF576EE41F5}.Debug|x64.ActiveCfg = Debug|Any CPU
		{C58E7952-E71D-417C-8E19-FBF576EE41F5}.Debug|x64.Build.0 = Debug|Any CPU
		{C58E7952-E71D-417C-8E19-FBF576EE41F5}.Debug|x86.ActiveCfg = Debug|Any CPU
		{C58E7952-E71D-417C-8E19-FBF576EE41F5}.Debug|x86.Build.0 = Debug|Any CPU
		{C58E7952-E71D-417C-8E19-FBF576EE41F5}.Release|Any CPU.ActiveCfg = Release|Any CPU
		{C58E7952-E71D-417C-8E19-FBF576EE41F5}.Release|Any CPU.Build.0 = Release|Any CPU
		{C58E7952-E71D-417C-8E19-FBF576EE41F5}.Release|x64.ActiveCfg = Release|Any CPU
		{C58E7952-E71D-417C-8E19-FBF576EE41F5}.Release|x64.Build.0 = Release|Any CPU
		{C58E7952-E71D-417C-8E19-FBF576EE41F5}.Release|x86.ActiveCfg = Release|Any CPU
		{C58E7952-E71D-417C-8E19-FBF576EE41F5}.Release|x86.Build.0 = Release|Any CPU
		{977ACE75-41B9-4F32-A8EC-37899923BA4A}.Debug|Any CPU.ActiveCfg = Debug|Any CPU
		{977ACE75-41B9-4F32-A8EC-37899923BA4A}.Debug|Any CPU.Build.0 = Debug|Any CPU
		{977ACE75-41B9-4F32-A8EC-37899923BA4A}.Debug|x64.ActiveCfg = Debug|Any CPU
		{977ACE75-41B9-4F32-A8EC-37899923BA4A}.Debug|x64.Build.0 = Debug|Any CPU
		{977ACE75-41B9-4F32-A8EC-37899923BA4A}.Debug|x86.ActiveCfg = Debug|Any CPU
		{977ACE75-41B9-4F32-A8EC-37899923BA4A}.Debug|x86.Build.0 = Debug|Any CPU
		{977ACE75-41B9-4F32-A8EC-37899923BA4A}.Release|Any CPU.ActiveCfg = Release|Any CPU
		{977ACE75-41B9-4F32-A8EC-37899923BA4A}.Release|Any CPU.Build.0 = Release|Any CPU
		{977ACE75-41B9-4F32-A8EC-37899923BA4A}.Release|x64.ActiveCfg = Release|Any CPU
		{977ACE75-41B9-4F32-A8EC-37899923BA4A}.Release|x64.Build.0 = Release|Any CPU
		{977ACE75-41B9-4F32-A8EC-37899923BA4A}.Release|x86.ActiveCfg = Release|Any CPU
		{977ACE75-41B9-4F32-A8EC-37899923BA4A}.Release|x86.Build.0 = Release|Any CPU
		{D945EBF0-D383-4C1B-9794-0D73AB9F13B0}.Debug|Any CPU.ActiveCfg = Debug|Any CPU
		{D945EBF0-D383-4C1B-9794-0D73AB9F13B0}.Debug|Any CPU.Build.0 = Debug|Any CPU
		{D945EBF0-D383-4C1B-9794-0D73AB9F13B0}.Debug|x64.ActiveCfg = Debug|Any CPU
		{D945EBF0-D383-4C1B-9794-0D73AB9F13B0}.Debug|x64.Build.0 = Debug|Any CPU
		{D945EBF0-D383-4C1B-9794-0D73AB9F13B0}.Debug|x86.ActiveCfg = Debug|Any CPU
		{D945EBF0-D383-4C1B-9794-0D73AB9F13B0}.Debug|x86.Build.0 = Debug|Any CPU
		{D945EBF0-D383-4C1B-9794-0D73AB9F13B0}.Release|Any CPU.ActiveCfg = Release|Any CPU
		{D945EBF0-D383-4C1B-9794-0D73AB9F13B0}.Release|Any CPU.Build.0 = Release|Any CPU
		{D945EBF0-D383-4C1B-9794-0D73AB9F13B0}.Release|x64.ActiveCfg = Release|Any CPU
		{D945EBF0-D383-4C1B-9794-0D73AB9F13B0}.Release|x64.Build.0 = Release|Any CPU
		{D945EBF0-D383-4C1B-9794-0D73AB9F13B0}.Release|x86.ActiveCfg = Release|Any CPU
		{D945EBF0-D383-4C1B-9794-0D73AB9F13B0}.Release|x86.Build.0 = Release|Any CPU
		{7036D543-4FDF-4791-AD37-7F241CE6D4A2}.Debug|Any CPU.ActiveCfg = Debug|Any CPU
		{7036D543-4FDF-4791-AD37-7F241CE6D4A2}.Debug|Any CPU.Build.0 = Debug|Any CPU
		{7036D543-4FDF-4791-AD37-7F241CE6D4A2}.Debug|x64.ActiveCfg = Debug|Any CPU
		{7036D543-4FDF-4791-AD37-7F241CE6D4A2}.Debug|x64.Build.0 = Debug|Any CPU
		{7036D543-4FDF-4791-AD37-7F241CE6D4A2}.Debug|x86.ActiveCfg = Debug|Any CPU
		{7036D543-4FDF-4791-AD37-7F241CE6D4A2}.Debug|x86.Build.0 = Debug|Any CPU
		{7036D543-4FDF-4791-AD37-7F241CE6D4A2}.Release|Any CPU.ActiveCfg = Release|Any CPU
		{7036D543-4FDF-4791-AD37-7F241CE6D4A2}.Release|Any CPU.Build.0 = Release|Any CPU
		{7036D543-4FDF-4791-AD37-7F241CE6D4A2}.Release|x64.ActiveCfg = Release|Any CPU
		{7036D543-4FDF-4791-AD37-7F241CE6D4A2}.Release|x64.Build.0 = Release|Any CPU
		{7036D543-4FDF-4791-AD37-7F241CE6D4A2}.Release|x86.ActiveCfg = Release|Any CPU
		{7036D543-4FDF-4791-AD37-7F241CE6D4A2}.Release|x86.Build.0 = Release|Any CPU
		{E0B49D65-6F11-4B6A-B94F-40AAA7C75D59}.Debug|Any CPU.ActiveCfg = Debug|Any CPU
		{E0B49D65-6F11-4B6A-B94F-40AAA7C75D59}.Debug|Any CPU.Build.0 = Debug|Any CPU
		{E0B49D65-6F11-4B6A-B94F-40AAA7C75D59}.Debug|x64.ActiveCfg = Debug|Any CPU
		{E0B49D65-6F11-4B6A-B94F-40AAA7C75D59}.Debug|x64.Build.0 = Debug|Any CPU
		{E0B49D65-6F11-4B6A-B94F-40AAA7C75D59}.Debug|x86.ActiveCfg = Debug|Any CPU
		{E0B49D65-6F11-4B6A-B94F-40AAA7C75D59}.Debug|x86.Build.0 = Debug|Any CPU
		{E0B49D65-6F11-4B6A-B94F-40AAA7C75D59}.Release|Any CPU.ActiveCfg = Release|Any CPU
		{E0B49D65-6F11-4B6A-B94F-40AAA7C75D59}.Release|Any CPU.Build.0 = Release|Any CPU
		{E0B49D65-6F11-4B6A-B94F-40AAA7C75D59}.Release|x64.ActiveCfg = Release|Any CPU
		{E0B49D65-6F11-4B6A-B94F-40AAA7C75D59}.Release|x64.Build.0 = Release|Any CPU
		{E0B49D65-6F11-4B6A-B94F-40AAA7C75D59}.Release|x86.ActiveCfg = Release|Any CPU
		{E0B49D65-6F11-4B6A-B94F-40AAA7C75D59}.Release|x86.Build.0 = Release|Any CPU
		{02B608CC-E830-4D30-BB2E-7F54CFE53A2D}.Debug|Any CPU.ActiveCfg = Debug
		{02B608CC-E830-4D30-BB2E-7F54CFE53A2D}.Debug|x64.ActiveCfg = Debug
		{02B608CC-E830-4D30-BB2E-7F54CFE53A2D}.Debug|x86.ActiveCfg = Debug
		{02B608CC-E830-4D30-BB2E-7F54CFE53A2D}.Release|Any CPU.ActiveCfg = Release
		{02B608CC-E830-4D30-BB2E-7F54CFE53A2D}.Release|x64.ActiveCfg = Release
		{02B608CC-E830-4D30-BB2E-7F54CFE53A2D}.Release|x86.ActiveCfg = Release
	EndGlobalSection
	GlobalSection(SolutionProperties) = preSolution
		HideSolutionNode = FALSE
	EndGlobalSection
	GlobalSection(ExtensibilityGlobals) = postSolution
		SolutionGuid = {12F97782-85ED-49BD-BD80-0759E9D47F78}
	EndGlobalSection
EndGlobal
